PODS:
  - Alamofire (5.11.0)
  - AlamofireImage (4.3.0):
    - Alamofire (~> 5.8)

DEPENDENCIES:
  - Alamofire
  - AlamofireImage

SPEC REPOS:
  trunk:
    - Alamofire
    - AlamofireImage

SPEC CHECKSUMS:
  Alamofire: bd5e7b23a1a750975288482c1831d71e74415f86
  AlamofireImage: 843953fa97bee5f561cf05d83abd759e590b068d

PODFILE CHECKSUM: 8af53d4620b3e2c48a11c79901b380d30cbac4a9

COCOAPODS: 1.16.2
