// !$*UTF8*$!
{
	archiveVersion = 1;
	classes = {
	};
	objectVersion = 56;
	objects = {

/* Begin PBXBuildFile section */
		FA0C96892E132BC50017A1AF /* AppDelegate.swift in Sources */ = {isa = PBXBuildFile; fileRef = FA0C96882E132BC50017A1AF /* AppDelegate.swift */; };
		FA0C968B2E132BC50017A1AF /* SceneDelegate.swift in Sources */ = {isa = PBXBuildFile; fileRef = FA0C968A2E132BC50017A1AF /* SceneDelegate.swift */; };
		FA0C968D2E132BC50017A1AF /* LoginVC.swift in Sources */ = {isa = PBXBuildFile; fileRef = FA0C968C2E132BC50017A1AF /* LoginVC.swift */; };
		FA0C96922E132BC60017A1AF /* Assets.xcassets in Resources */ = {isa = PBXBuildFile; fileRef = FA0C96912E132BC60017A1AF /* Assets.xcassets */; };
		FA0C96952E132BC60017A1AF /* Base in Resources */ = {isa = PBXBuildFile; fileRef = FA0C96942E132BC60017A1AF /* Base */; };
		FA2DCD632ED74A1900282E93 /* AlertController.swift in Sources */ = {isa = PBXBuildFile; fileRef = FA2DCD622ED74A1900282E93 /* AlertController.swift */; };
		FA2DCD662EDF34F400282E93 /* TabBarVC.swift in Sources */ = {isa = PBXBuildFile; fileRef = FA2DCD652EDF34F400282E93 /* TabBarVC.swift */; };
		FA2DCD6A2EDF395B00282E93 /* HomeVC.swift in Sources */ = {isa = PBXBuildFile; fileRef = FA2DCD692EDF395B00282E93 /* HomeVC.swift */; };
		FA9457652ECB4D9600DBE62A /* String + extension.swift in Sources */ = {isa = PBXBuildFile; fileRef = FA9457642ECB4D9600DBE62A /* String + extension.swift */; };
		FABE9EEC2EE052B900C337BE /* HomeScreen.swift in Sources */ = {isa = PBXBuildFile; fileRef = FABE9EEB2EE052B900C337BE /* HomeScreen.swift */; };
		FAD0B4662EC6360A003E0F67 /* UIViewController+Extension.swift in Sources */ = {isa = PBXBuildFile; fileRef = FAD0B4652EC6360A003E0F67 /* UIViewController+Extension.swift */; };
		FADE5D552EC4E60400DBDFCA /* GoogleService-Info.plist in Resources */ = {isa = PBXBuildFile; fileRef = FADE5D542EC4E60400DBDFCA /* GoogleService-Info.plist */; };
		FADE5D582EC4E6AF00DBDFCA /* FirebaseAuth in Frameworks */ = {isa = PBXBuildFile; productRef = FADE5D572EC4E6AF00DBDFCA /* FirebaseAuth */; };
		FADE5D5A2EC4E6AF00DBDFCA /* FirebaseCrashlytics in Frameworks */ = {isa = PBXBuildFile; productRef = FADE5D592EC4E6AF00DBDFCA /* FirebaseCrashlytics */; };
		FAE77AB12E142E210011AA19 /* LoginScreen.swift in Sources */ = {isa = PBXBuildFile; fileRef = FAE77AB02E142E210011AA19 /* LoginScreen.swift */; };
/* End PBXBuildFile section */

/* Begin PBXFileReference section */
		FA0C96852E132BC50017A1AF /* AppBackFront.app */ = {isa = PBXFileReference; explicitFileType = wrapper.application; includeInIndex = 0; path = AppBackFront.app; sourceTree = BUILT_PRODUCTS_DIR; };
		FA0C96882E132BC50017A1AF /* AppDelegate.swift */ = {isa = PBXFileReference; lastKnownFileType = sourcecode.swift; path = AppDelegate.swift; sourceTree = "<group>"; };
		FA0C968A2E132BC50017A1AF /* SceneDelegate.swift */ = {isa = PBXFileReference; lastKnownFileType = sourcecode.swift; path = SceneDelegate.swift; sourceTree = "<group>"; };
		FA0C968C2E132BC50017A1AF /* LoginVC.swift */ = {isa = PBXFileReference; lastKnownFileType = sourcecode.swift; path = LoginVC.swift; sourceTree = "<group>"; };
		FA0C96912E132BC60017A1AF /* Assets.xcassets */ = {isa = PBXFileReference; lastKnownFileType = folder.assetcatalog; path = Assets.xcassets; sourceTree = "<group>"; };
		FA0C96942E132BC60017A1AF /* Base */ = {isa = PBXFileReference; lastKnownFileType = file.storyboard; name = Base; path = Base.lproj/LaunchScreen.storyboard; sourceTree = "<group>"; };
		FA0C96962E132BC60017A1AF /* Info.plist */ = {isa = PBXFileReference; lastKnownFileType = text.plist.xml; path = Info.plist; sourceTree = "<group>"; };
		FA2DCD622ED74A1900282E93 /* AlertController.swift */ = {isa = PBXFileReference; lastKnownFileType = sourcecode.swift; path = AlertController.swift; sourceTree = "<group>"; };
		FA2DCD652EDF34F400282E93 /* TabBarVC.swift */ = {isa = PBXFileReference; lastKnownFileType = sourcecode.swift; path = TabBarVC.swift; sourceTree = "<group>"; };
		FA2DCD692EDF395B00282E93 /* HomeVC.swift */ = {isa = PBXFileReference; lastKnownFileType = sourcecode.swift; path = HomeVC.swift; sourceTree = "<group>"; };
		FA9457642ECB4D9600DBE62A /* String + extension.swift */ = {isa = PBXFileReference; lastKnownFileType = sourcecode.swift; path = "String + extension.swift"; sourceTree = "<group>"; };
		FABE9EEB2EE052B900C337BE /* HomeScreen.swift */ = {isa = PBXFileReference; lastKnownFileType = sourcecode.swift; path = HomeScreen.swift; sourceTree = "<group>"; };
		FAD0B4652EC6360A003E0F67 /* UIViewController+Extension.swift */ = {isa = PBXFileReference; lastKnownFileType = sourcecode.swift; path = "UIViewController+Extension.swift"; sourceTree = "<group>"; };
		FADE5D542EC4E60400DBDFCA /* GoogleService-Info.plist */ = {isa = PBXFileReference; lastKnownFileType = text.plist.xml; path = "GoogleService-Info.plist"; sourceTree = "<group>"; };
		FAE77AB02E142E210011AA19 /* LoginScreen.swift */ = {isa = PBXFileReference; lastKnownFileType = sourcecode.swift; path = LoginScreen.swift; sourceTree = "<group>"; };
/* End PBXFileReference section */

/* Begin PBXFrameworksBuildPhase section */
		FA0C96822E132BC50017A1AF /* Frameworks */ = {
			isa = PBXFrameworksBuildPhase;
			buildActionMask = 2147483647;
			files = (
				FADE5D582EC4E6AF00DBDFCA /* FirebaseAuth in Frameworks */,
				FADE5D5A2EC4E6AF00DBDFCA /* FirebaseCrashlytics in Frameworks */,
			);
			runOnlyForDeploymentPostprocessing = 0;
		};
/* End PBXFrameworksBuildPhase section */

/* Begin PBXGroup section */
		FA0C967C2E132BC50017A1AF = {
			isa = PBXGroup;
			children = (
				FA2DCD642EDF349D00282E93 /* TabBarController */,
				FA2DCD612ED7442900282E93 /* Alert */,
				FAD0B4632EC6349C003E0F67 /* Utils */,
				FA0C96872E132BC50017A1AF /* AppBackFront */,
				FA0C96862E132BC50017A1AF /* Products */,
			);
			sourceTree = "<group>";
		};
		FA0C96862E132BC50017A1AF /* Products */ = {
			isa = PBXGroup;
			children = (
				FA0C96852E132BC50017A1AF /* AppBackFront.app */,
			);
			name = Products;
			sourceTree = "<group>";
		};
		FA0C96872E132BC50017A1AF /* AppBackFront */ = {
			isa = PBXGroup;
			children = (
				FA0C96882E132BC50017A1AF /* AppDelegate.swift */,
				FA0C968A2E132BC50017A1AF /* SceneDelegate.swift */,
				FA0C96912E132BC60017A1AF /* Assets.xcassets */,
				FADE5D542EC4E60400DBDFCA /* GoogleService-Info.plist */,
				FA0C96932E132BC60017A1AF /* LaunchScreen.storyboard */,
				FA0C96962E132BC60017A1AF /* Info.plist */,
			);
			path = AppBackFront;
			sourceTree = "<group>";
		};
		FA2DCD612ED7442900282E93 /* Alert */ = {
			isa = PBXGroup;
			children = (
				FA2DCD622ED74A1900282E93 /* AlertController.swift */,
			);
			path = Alert;
			sourceTree = "<group>";
		};
		FA2DCD642EDF349D00282E93 /* TabBarController */ = {
			isa = PBXGroup;
			children = (
				FA2DCD672EDF384600282E93 /* Feature */,
				FA2DCD652EDF34F400282E93 /* TabBarVC.swift */,
			);
			path = TabBarController;
			sourceTree = "<group>";
		};
		FA2DCD672EDF384600282E93 /* Feature */ = {
			isa = PBXGroup;
			children = (
				FA2DCD682EDF390F00282E93 /* Home */,
				FADE5D522EC4DB1200DBDFCA /* Login */,
			);
			path = Feature;
			sourceTree = "<group>";
		};
		FA2DCD682EDF390F00282E93 /* Home */ = {
			isa = PBXGroup;
			children = (
				FABE9EEA2EE051E200C337BE /* Screen */,
				FA2DCD692EDF395B00282E93 /* HomeVC.swift */,
			);
			path = Home;
			sourceTree = "<group>";
		};
		FABE9EEA2EE051E200C337BE /* Screen */ = {
			isa = PBXGroup;
			children = (
				FABE9EEB2EE052B900C337BE /* HomeScreen.swift */,
			);
			path = Screen;
			sourceTree = "<group>";
		};
		FAD0B4632EC6349C003E0F67 /* Utils */ = {
			isa = PBXGroup;
			children = (
				FAD0B4642EC634A6003E0F67 /* Extension */,
			);
			path = Utils;
			sourceTree = "<group>";
		};
		FAD0B4642EC634A6003E0F67 /* Extension */ = {
			isa = PBXGroup;
			children = (
				FAD0B4652EC6360A003E0F67 /* UIViewController+Extension.swift */,
				FA9457642ECB4D9600DBE62A /* String + extension.swift */,
			);
			path = Extension;
			sourceTree = "<group>";
		};
		FADE5D522EC4DB1200DBDFCA /* Login */ = {
			isa = PBXGroup;
			children = (
				FA0C968C2E132BC50017A1AF /* LoginVC.swift */,
				FADE5D532EC4DB2800DBDFCA /* Screen */,
			);
			path = Login;
			sourceTree = "<group>";
		};
		FADE5D532EC4DB2800DBDFCA /* Screen */ = {
			isa = PBXGroup;
			children = (
				FAE77AB02E142E210011AA19 /* LoginScreen.swift */,
			);
			path = Screen;
			sourceTree = "<group>";
		};
/* End PBXGroup section */

/* Begin PBXNativeTarget section */
		FA0C96842E132BC50017A1AF /* AppBackFront */ = {
			isa = PBXNativeTarget;
			buildConfigurationList = FA0C96992E132BC60017A1AF /* Build configuration list for PBXNativeTarget "AppBackFront" */;
			buildPhases = (
				FA0C96812E132BC50017A1AF /* Sources */,
				FA0C96822E132BC50017A1AF /* Frameworks */,
				FA0C96832E132BC50017A1AF /* Resources */,
			);
			buildRules = (
			);
			dependencies = (
			);
			name = AppBackFront;
			productName = AppBackFront;
			productReference = FA0C96852E132BC50017A1AF /* AppBackFront.app */;
			productType = "com.apple.product-type.application";
		};
/* End PBXNativeTarget section */

/* Begin PBXProject section */
		FA0C967D2E132BC50017A1AF /* Project object */ = {
			isa = PBXProject;
			attributes = {
				BuildIndependentTargetsInParallel = 1;
				LastSwiftUpdateCheck = 1540;
				LastUpgradeCheck = 2600;
				TargetAttributes = {
					FA0C96842E132BC50017A1AF = {
						CreatedOnToolsVersion = 15.4;
					};
				};
			};
			buildConfigurationList = FA0C96802E132BC50017A1AF /* Build configuration list for PBXProject "AppBackFront" */;
			compatibilityVersion = "Xcode 14.0";
			developmentRegion = en;
			hasScannedForEncodings = 0;
			knownRegions = (
				en,
				Base,
			);
			mainGroup = FA0C967C2E132BC50017A1AF;
			packageReferences = (
				FADE5D562EC4E6AF00DBDFCA /* XCRemoteSwiftPackageReference "firebase-ios-sdk" */,
			);
			productRefGroup = FA0C96862E132BC50017A1AF /* Products */;
			projectDirPath = "";
			projectRoot = "";
			targets = (
				FA0C96842E132BC50017A1AF /* AppBackFront */,
			);
		};
/* End PBXProject section */

/* Begin PBXResourcesBuildPhase section */
		FA0C96832E132BC50017A1AF /* Resources */ = {
			isa = PBXResourcesBuildPhase;
			buildActionMask = 2147483647;
			files = (
				FA0C96922E132BC60017A1AF /* Assets.xcassets in Resources */,
				FADE5D552EC4E60400DBDFCA /* GoogleService-Info.plist in Resources */,
				FA0C96952E132BC60017A1AF /* Base in Resources */,
			);
			runOnlyForDeploymentPostprocessing = 0;
		};
/* End PBXResourcesBuildPhase section */

/* Begin PBXSourcesBuildPhase section */
		FA0C96812E132BC50017A1AF /* Sources */ = {
			isa = PBXSourcesBuildPhase;
			buildActionMask = 2147483647;
			files = (
				FA0C968D2E132BC50017A1AF /* LoginVC.swift in Sources */,
				FAE77AB12E142E210011AA19 /* LoginScreen.swift in Sources */,
				FA9457652ECB4D9600DBE62A /* String + extension.swift in Sources */,
				FA2DCD6A2EDF395B00282E93 /* HomeVC.swift in Sources */,
				FA0C96892E132BC50017A1AF /* AppDelegate.swift in Sources */,
				FA2DCD632ED74A1900282E93 /* AlertController.swift in Sources */,
				FABE9EEC2EE052B900C337BE /* HomeScreen.swift in Sources */,
				FAD0B4662EC6360A003E0F67 /* UIViewController+Extension.swift in Sources */,
				FA2DCD662EDF34F400282E93 /* TabBarVC.swift in Sources */,
				FA0C968B2E132BC50017A1AF /* SceneDelegate.swift in Sources */,
			);
			runOnlyForDeploymentPostprocessing = 0;
		};
/* End PBXSourcesBuildPhase section */

/* Begin PBXVariantGroup section */
		FA0C96932E132BC60017A1AF /* LaunchScreen.storyboard */ = {
			isa = PBXVariantGroup;
			children = (
				FA0C96942E132BC60017A1AF /* Base */,
			);
			name = LaunchScreen.storyboard;
			sourceTree = "<group>";
		};
/* End PBXVariantGroup section */

/* Begin XCBuildConfiguration section */
		FA0C96972E132BC60017A1AF /* Debug */ = {
			isa = XCBuildConfiguration;
			buildSettings = {
				ALWAYS_SEARCH_USER_PATHS = NO;
				ASSETCATALOG_COMPILER_GENERATE_SWIFT_ASSET_SYMBOL_EXTENSIONS = YES;
				CLANG_ANALYZER_NONNULL = YES;
				CLANG_ANALYZER_NUMBER_OBJECT_CONVERSION = YES_AGGRESSIVE;
				CLANG_CXX_LANGUAGE_STANDARD = "gnu++20";
				CLANG_ENABLE_MODULES = YES;
				CLANG_ENABLE_OBJC_ARC = YES;
				CLANG_ENABLE_OBJC_WEAK = YES;
				CLANG_WARN_BLOCK_CAPTURE_AUTORELEASING = YES;
				CLANG_WARN_BOOL_CONVERSION = YES;
				CLANG_WARN_COMMA = YES;
				CLANG_WARN_CONSTANT_CONVERSION = YES;
				CLANG_WARN_DEPRECATED_OBJC_IMPLEMENTATIONS = YES;
				CLANG_WARN_DIRECT_OBJC_ISA_USAGE = YES_ERROR;
				CLANG_WARN_DOCUMENTATION_COMMENTS = YES;
				CLANG_WARN_EMPTY_BODY = YES;
				CLANG_WARN_ENUM_CONVERSION = YES;
				CLANG_WARN_INFINITE_RECURSION = YES;
				CLANG_WARN_INT_CONVERSION = YES;
				CLANG_WARN_NON_LITERAL_NULL_CONVERSION = YES;
				CLANG_WARN_OBJC_IMPLICIT_RETAIN_SELF = YES;
				CLANG_WARN_OBJC_LITERAL_CONVERSION = YES;
				CLANG_WARN_OBJC_ROOT_CLASS = YES_ERROR;
				CLANG_WARN_QUOTED_INCLUDE_IN_FRAMEWORK_HEADER = YES;
				CLANG_WARN_RANGE_LOOP_ANALYSIS = YES;
				CLANG_WARN_STRICT_PROTOTYPES = YES;
				CLANG_WARN_SUSPICIOUS_MOVE = YES;
				CLANG_WARN_UNGUARDED_AVAILABILITY = YES_AGGRESSIVE;
				CLANG_WARN_UNREACHABLE_CODE = YES;
				CLANG_WARN__DUPLICATE_METHOD_MATCH = YES;
				COPY_PHASE_STRIP = NO;
				DEBUG_INFORMATION_FORMAT = dwarf;
				ENABLE_STRICT_OBJC_MSGSEND = YES;
				ENABLE_TESTABILITY = YES;
				ENABLE_USER_SCRIPT_SANDBOXING = YES;
				GCC_C_LANGUAGE_STANDARD = gnu17;
				GCC_DYNAMIC_NO_PIC = NO;
				GCC_NO_COMMON_BLOCKS = YES;
				GCC_OPTIMIZATION_LEVEL = 0;
				GCC_PREPROCESSOR_DEFINITIONS = (
					"DEBUG=1",
					"$(inherited)",
				);
				GCC_WARN_64_TO_32_BIT_CONVERSION = YES;
				GCC_WARN_ABOUT_RETURN_TYPE = YES_ERROR;
				GCC_WARN_UNDECLARED_SELECTOR = YES;
				GCC_WARN_UNINITIALIZED_AUTOS = YES_AGGRESSIVE;
				GCC_WARN_UNUSED_FUNCTION = YES;
				GCC_WARN_UNUSED_VARIABLE = YES;
				IPHONEOS_DEPLOYMENT_TARGET = 17.5;
				LOCALIZATION_PREFERS_STRING_CATALOGS = YES;
				MTL_ENABLE_DEBUG_INFO = INCLUDE_SOURCE;
				MTL_FAST_MATH = YES;
				ONLY_ACTIVE_ARCH = YES;
				SDKROOT = iphoneos;
				STRING_CATALOG_GENERATE_SYMBOLS = YES;
				SWIFT_ACTIVE_COMPILATION_CONDITIONS = "DEBUG $(inherited)";
				SWIFT_OPTIMIZATION_LEVEL = "-Onone";
			};
			name = Debug;
		};
		FA0C96982E132BC60017A1AF /* Release */ = {
			isa = XCBuildConfiguration;
			buildSettings = {
				ALWAYS_SEARCH_USER_PATHS = NO;
				ASSETCATALOG_COMPILER_GENERATE_SWIFT_ASSET_SYMBOL_EXTENSIONS = YES;
				CLANG_ANALYZER_NONNULL = YES;
				CLANG_ANALYZER_NUMBER_OBJECT_CONVERSION = YES_AGGRESSIVE;
				CLANG_CXX_LANGUAGE_STANDARD = "gnu++20";
				CLANG_ENABLE_MODULES = YES;
				CLANG_ENABLE_OBJC_ARC = YES;
				CLANG_ENABLE_OBJC_WEAK = YES;
				CLANG_WARN_BLOCK_CAPTURE_AUTORELEASING = YES;
				CLANG_WARN_BOOL_CONVERSION = YES;
				CLANG_WARN_COMMA = YES;
				CLANG_WARN_CONSTANT_CONVERSION = YES;
				CLANG_WARN_DEPRECATED_OBJC_IMPLEMENTATIONS = YES;
				CLANG_WARN_DIRECT_OBJC_ISA_USAGE = YES_ERROR;
				CLANG_WARN_DOCUMENTATION_COMMENTS = YES;
				CLANG_WARN_EMPTY_BODY = YES;
				CLANG_WARN_ENUM_CONVERSION = YES;
				CLANG_WARN_INFINITE_RECURSION = YES;
				CLANG_WARN_INT_CONVERSION = YES;
				CLANG_WARN_NON_LITERAL_NULL_CONVERSION = YES;
				CLANG_WARN_OBJC_IMPLICIT_RETAIN_SELF = YES;
				CLANG_WARN_OBJC_LITERAL_CONVERSION = YES;
				CLANG_WARN_OBJC_ROOT_CLASS = YES_ERROR;
				CLANG_WARN_QUOTED_INCLUDE_IN_FRAMEWORK_HEADER = YES;
				CLANG_WARN_RANGE_LOOP_ANALYSIS = YES;
				CLANG_WARN_STRICT_PROTOTYPES = YES;
				CLANG_WARN_SUSPICIOUS_MOVE = YES;
				CLANG_WARN_UNGUARDED_AVAILABILITY = YES_AGGRESSIVE;
				CLANG_WARN_UNREACHABLE_CODE = YES;
				CLANG_WARN__DUPLICATE_METHOD_MATCH = YES;
				COPY_PHASE_STRIP = NO;
				DEBUG_INFORMATION_FORMAT = "dwarf-with-dsym";
				ENABLE_NS_ASSERTIONS = NO;
				ENABLE_STRICT_OBJC_MSGSEND = YES;
				ENABLE_USER_SCRIPT_SANDBOXING = YES;
				GCC_C_LANGUAGE_STANDARD = gnu17;
				GCC_NO_COMMON_BLOCKS = YES;
				GCC_WARN_64_TO_32_BIT_CONVERSION = YES;
				GCC_WARN_ABOUT_RETURN_TYPE = YES_ERROR;
				GCC_WARN_UNDECLARED_SELECTOR = YES;
				GCC_WARN_UNINITIALIZED_AUTOS = YES_AGGRESSIVE;
				GCC_WARN_UNUSED_FUNCTION = YES;
				GCC_WARN_UNUSED_VARIABLE = YES;
				IPHONEOS_DEPLOYMENT_TARGET = 17.5;
				LOCALIZATION_PREFERS_STRING_CATALOGS = YES;
				MTL_ENABLE_DEBUG_INFO = NO;
				MTL_FAST_MATH = YES;
				SDKROOT = iphoneos;
				STRING_CATALOG_GENERATE_SYMBOLS = YES;
				SWIFT_COMPILATION_MODE = wholemodule;
				VALIDATE_PRODUCT = YES;
			};
			name = Release;
		};
		FA0C969A2E132BC60017A1AF /* Debug */ = {
			isa = XCBuildConfiguration;
			buildSettings = {
				ASSETCATALOG_COMPILER_APPICON_NAME = AppIcon;
				ASSETCATALOG_COMPILER_GLOBAL_ACCENT_COLOR_NAME = AccentColor;
				CODE_SIGN_STYLE = Automatic;
				CURRENT_PROJECT_VERSION = 1;
				DEVELOPMENT_TEAM = G46GV39GZQ;
				GENERATE_INFOPLIST_FILE = YES;
				INFOPLIST_FILE = AppBackFront/Info.plist;
				INFOPLIST_KEY_UIApplicationSupportsIndirectInputEvents = YES;
				INFOPLIST_KEY_UILaunchStoryboardName = LaunchScreen;
				INFOPLIST_KEY_UIMainStoryboardFile = "";
				INFOPLIST_KEY_UISupportedInterfaceOrientations_iPad = "UIInterfaceOrientationPortrait UIInterfaceOrientationPortraitUpsideDown UIInterfaceOrientationLandscapeLeft UIInterfaceOrientationLandscapeRight";
				INFOPLIST_KEY_UISupportedInterfaceOrientations_iPhone = "UIInterfaceOrientationPortrait UIInterfaceOrientationLandscapeLeft UIInterfaceOrientationLandscapeRight";
				LD_RUNPATH_SEARCH_PATHS = (
					"$(inherited)",
					"@executable_path/Frameworks",
				);
				MARKETING_VERSION = 1.0;
				PRODUCT_BUNDLE_IDENTIFIER = backfroont.AppBackFrontRaf;
				PRODUCT_NAME = "$(TARGET_NAME)";
				SUPPORTED_PLATFORMS = "iphoneos iphonesimulator";
				SUPPORTS_MACCATALYST = NO;
				SUPPORTS_MAC_DESIGNED_FOR_IPHONE_IPAD = NO;
				SUPPORTS_XR_DESIGNED_FOR_IPHONE_IPAD = NO;
				SWIFT_EMIT_LOC_STRINGS = YES;
				SWIFT_VERSION = 5.0;
				TARGETED_DEVICE_FAMILY = 1;
			};
			name = Debug;
		};
		FA0C969B2E132BC60017A1AF /* Release */ = {
			isa = XCBuildConfiguration;
			buildSettings = {
				ASSETCATALOG_COMPILER_APPICON_NAME = AppIcon;
				ASSETCATALOG_COMPILER_GLOBAL_ACCENT_COLOR_NAME = AccentColor;
				CODE_SIGN_STYLE = Automatic;
				CURRENT_PROJECT_VERSION = 1;
				DEVELOPMENT_TEAM = G46GV39GZQ;
				GENERATE_INFOPLIST_FILE = YES;
				INFOPLIST_FILE = AppBackFront/Info.plist;
				INFOPLIST_KEY_UIApplicationSupportsIndirectInputEvents = YES;
				INFOPLIST_KEY_UILaunchStoryboardName = LaunchScreen;
				INFOPLIST_KEY_UIMainStoryboardFile = "";
				INFOPLIST_KEY_UISupportedInterfaceOrientations_iPad = "UIInterfaceOrientationPortrait UIInterfaceOrientationPortraitUpsideDown UIInterfaceOrientationLandscapeLeft UIInterfaceOrientationLandscapeRight";
				INFOPLIST_KEY_UISupportedInterfaceOrientations_iPhone = "UIInterfaceOrientationPortrait UIInterfaceOrientationLandscapeLeft UIInterfaceOrientationLandscapeRight";
				LD_RUNPATH_SEARCH_PATHS = (
					"$(inherited)",
					"@executable_path/Frameworks",
				);
				MARKETING_VERSION = 1.0;
				PRODUCT_BUNDLE_IDENTIFIER = backfroont.AppBackFrontRaf;
				PRODUCT_NAME = "$(TARGET_NAME)";
				SUPPORTED_PLATFORMS = "iphoneos iphonesimulator";
				SUPPORTS_MACCATALYST = NO;
				SUPPORTS_MAC_DESIGNED_FOR_IPHONE_IPAD = NO;
				SUPPORTS_XR_DESIGNED_FOR_IPHONE_IPAD = NO;
				SWIFT_EMIT_LOC_STRINGS = YES;
				SWIFT_VERSION = 5.0;
				TARGETED_DEVICE_FAMILY = 1;
			};
			name = Release;
		};
/* End XCBuildConfiguration section */

/* Begin XCConfigurationList section */
		FA0C96802E132BC50017A1AF /* Build configuration list for PBXProject "AppBackFront" */ = {
			isa = XCConfigurationList;
			buildConfigurations = (
				FA0C96972E132BC60017A1AF /* Debug */,
				FA0C96982E132BC60017A1AF /* Release */,
			);
			defaultConfigurationIsVisible = 0;
			defaultConfigurationName = Release;
		};
		FA0C96992E132BC60017A1AF /* Build configuration list for PBXNativeTarget "AppBackFront" */ = {
			isa = XCConfigurationList;
			buildConfigurations = (
				FA0C969A2E132BC60017A1AF /* Debug */,
				FA0C969B2E132BC60017A1AF /* Release */,
			);
			defaultConfigurationIsVisible = 0;
			defaultConfigurationName = Release;
		};
/* End XCConfigurationList section */

/* Begin XCRemoteSwiftPackageReference section */
		FADE5D562EC4E6AF00DBDFCA /* XCRemoteSwiftPackageReference "firebase-ios-sdk" */ = {
			isa = XCRemoteSwiftPackageReference;
			repositoryURL = "https://github.com/firebase/firebase-ios-sdk";
			requirement = {
				kind = upToNextMajorVersion;
				minimumVersion = 12.5.0;
			};
		};
/* End XCRemoteSwiftPackageReference section */

/* Begin XCSwiftPackageProductDependency section */
		FADE5D572EC4E6AF00DBDFCA /* FirebaseAuth */ = {
			isa = XCSwiftPackageProductDependency;
			package = FADE5D562EC4E6AF00DBDFCA /* XCRemoteSwiftPackageReference "firebase-ios-sdk" */;
			productName = FirebaseAuth;
		};
		FADE5D592EC4E6AF00DBDFCA /* FirebaseCrashlytics */ = {
			isa = XCSwiftPackageProductDependency;
			package = FADE5D562EC4E6AF00DBDFCA /* XCRemoteSwiftPackageReference "firebase-ios-sdk" */;
			productName = FirebaseCrashlytics;
		};
/* End XCSwiftPackageProductDependency section */
	};
	rootObject = FA0C967D2E132BC50017A1AF /* Project object */;
}
